
Microsoft Visual Studio Solution File, Format Version 12.00
# Visual Studio 2012
Project("{8BC9CEB8-8B4A-11D0-8D11-00A0C91BC942}") = "fileopenwrite", "fileopenwrite\fileopenwrite.vcxproj", "{A446517B-CFFE-422C-B19D-267E9747BA3A}"
EndProject
Global
	GlobalSection(SolutionConfigurationPlatforms) = preSolution
		Debug|Win32 = Debug|Win32
		Release|Win32 = Release|Win32
	EndGlobalSection
	GlobalSection(ProjectConfigurationPlatforms) = postSolution
		{A446517B-CFFE-422C-B19D-267E9747BA3A}.Debug|Win32.ActiveCfg = Debug|Win32
		{A446517B-CFFE-422C-B19D-267E9747BA3A}.Debug|Win32.Build.0 = Debug|Win32
		{A446517B-CFFE-422C-B19D-267E9747BA3A}.Release|Win32.ActiveCfg = Release|Win32
		{A446517B-CFFE-422C-B19D-267E9747BA3A}.Release|Win32.Build.0 = Release|Win32
	EndGlobalSection
	GlobalSection(SolutionProperties) = preSolution
		HideSolutionNode = FALSE
	EndGlobalSection
EndGlobal
